
Microsoft Visual Studio Solution File, Format Version 12.00
# Visual Studio Version 17
VisualStudioVersion = 17.10.34916.146
MinimumVisualStudioVersion = 10.0.40219.1
Project("{FAE04EC0-301F-11D3-BF4B-00C04F79EFBC}") = "MVCtutorial", "MVCtutorial.csproj", "{65A60225-FC01-45CF-971B-E91FA489202A}"
EndProject
Global
	GlobalSection(SolutionConfigurationPlatforms) = preSolution
		Debug|Any CPU = Debug|Any CPU
		Release|Any CPU = Release|Any CPU
	EndGlobalSection
	GlobalSection(ProjectConfigurationPlatforms) = postSolution
		{65A60225-FC01-45CF-971B-E91FA489202A}.Debug|Any CPU.ActiveCfg = Debug|Any CPU
		{65A60225-FC01-45CF-971B-E91FA489202A}.Debug|Any CPU.Build.0 = Debug|Any CPU
		{65A60225-FC01-45CF-971B-E91FA489202A}.Release|Any CPU.ActiveCfg = Release|Any CPU
		{65A60225-FC01-45CF-971B-E91FA489202A}.Release|Any CPU.Build.0 = Release|Any CPU
	EndGlobalSection
	GlobalSection(SolutionProperties) = preSolution
		HideSolutionNode = FALSE
	EndGlobalSection
	GlobalSection(ExtensibilityGlobals) = postSolution
		SolutionGuid = {1D82EBD0-3171-4D13-BFD0-52097A97DFF1}
	EndGlobalSection
EndGlobal
